{
  "version": 4,
  "terraform_version": "0.14.7",
  "serial": 119,
  "lineage": "bf320913-47d1-95ae-4590-e4a2e490836c",
  "outputs": {},
  "resources": [
    {
      "mode": "managed",
      "type": "aws_instance",
      "name": "docker",
      "provider": "provider[\"registry.terraform.io/hashicorp/aws\"]",
      "instances": [
        {
          "schema_version": 1,
          "attributes": {
            "ami": "ami-0dec7a53c83222c6f",
            "arn": "arn:aws:ec2:sa-east-1:358552305715:instance/i-0e9930796b7e3ae95",
            "associate_public_ip_address": true,
            "availability_zone": "sa-east-1a",
            "cpu_core_count": 1,
            "cpu_threads_per_core": 1,
            "credit_specification": [
              {
                "cpu_credits": "standard"
              }
            ],
            "disable_api_termination": false,
            "ebs_block_device": [
              {
                "delete_on_termination": true,
                "device_name": "/dev/sdg",
                "encrypted": true,
                "iops": 2000,
                "kms_key_id": "arn:aws:kms:sa-east-1:358552305715:key/f7773452-0349-44df-be4f-99178e05cc62",
                "snapshot_id": "",
                "tags": {},
                "throughput": 0,
                "volume_id": "vol-05cfb4be0bd4676fc",
                "volume_size": 500,
                "volume_type": "io1"
              }
            ],
            "ebs_optimized": false,
            "enclave_options": [
              {
                "enabled": false
              }
            ],
            "ephemeral_block_device": [],
            "get_password_data": false,
            "hibernation": false,
            "host_id": null,
            "iam_instance_profile": "",
            "id": "i-0e9930796b7e3ae95",
            "instance_initiated_shutdown_behavior": null,
            "instance_state": "running",
            "instance_type": "t2.nano",
            "ipv6_address_count": 0,
            "ipv6_addresses": [],
            "key_name": "iam_user",
            "metadata_options": [
              {
                "http_endpoint": "enabled",
                "http_put_response_hop_limit": 1,
                "http_tokens": "optional"
              }
            ],
            "monitoring": false,
            "network_interface": [],
            "outpost_arn": "",
            "password_data": "",
            "placement_group": "",
            "primary_network_interface_id": "eni-0b184086f45138ac0",
            "private_dns": "ip-172-31-9-22.sa-east-1.compute.internal",
            "private_ip": "172.31.9.22",
            "public_dns": "ec2-18-230-108-204.sa-east-1.compute.amazonaws.com",
            "public_ip": "18.230.108.204",
            "root_block_device": [
              {
                "delete_on_termination": true,
                "device_name": "/dev/sda1",
                "encrypted": false,
                "iops": 100,
                "kms_key_id": "",
                "tags": {},
                "throughput": 0,
                "volume_id": "vol-0357823dd949b2a4b",
                "volume_size": 8,
                "volume_type": "gp2"
              }
            ],
            "secondary_private_ips": [],
            "security_groups": [
              "sg_docker"
            ],
            "source_dest_check": true,
            "subnet_id": "subnet-c2d1c8a6",
            "tags": {
              "Name": "Docker"
            },
            "tenancy": "default",
            "timeouts": null,
            "user_data": "1968a3796c6f161ce33d447ea0d5da7a6c5dbfb1",
            "user_data_base64": null,
            "volume_tags": null,
            "vpc_security_group_ids": [
              "sg-09bc4c7efe9a7f900"
            ]
          },
          "sensitive_attributes": [],
          "private": "eyJlMmJmYjczMC1lY2FhLTExZTYtOGY4OC0zNDM2M2JjN2M0YzAiOnsiY3JlYXRlIjo2MDAwMDAwMDAwMDAsImRlbGV0ZSI6MTIwMDAwMDAwMDAwMCwidXBkYXRlIjo2MDAwMDAwMDAwMDB9LCJzY2hlbWFfdmVyc2lvbiI6IjEifQ==",
          "dependencies": [
            "aws_key_pair.default",
            "aws_security_group.default"
          ]
        }
      ]
    },
    {
      "mode": "managed",
      "type": "aws_key_pair",
      "name": "default",
      "provider": "provider[\"registry.terraform.io/hashicorp/aws\"]",
      "instances": [
        {
          "schema_version": 1,
          "attributes": {
            "arn": "arn:aws:ec2:sa-east-1:358552305715:key-pair/iam_user",
            "fingerprint": "7e:04:60:a2:af:3c:4d:56:37:e7:71:27:fe:2b:46:18",
            "id": "iam_user",
            "key_name": "iam_user",
            "key_name_prefix": null,
            "key_pair_id": "key-07a8b3d73173dacb1",
            "public_key": "ssh-rsa AAAAB3NzaC1yc2EAAAADAQABAAABAQCkICm2D5Aa9lGgh5EeSN7YiUe50zhSwfrg3JCpjyRLQ0NUgMVBruGjUfwyyad/gEiuxk96EZb7BjBZk6g0L9Ga8gFPM6ty9Yeo1N63KeSl/sSQnVhFTpGWbIcZMCbqXsb/TW+saVDSXyXUcCObpXzycP4ZeS9+z25daeNWIF2SywA8YcAol2CATh916SKHOuhYJIffXiUOyOHSpNwn49d3K9dYpKUK4lMq8wECT2nV1AkrN1piiuDRMX+Vlr0ouKDDs+eVWuJPZa3Kj/WOR8mJ23QHVFmAFJE7mrtBfuwHRSQvIayQKCJejoC53nnBjaICV/UJfOxlfzbvu+qS2ztV root@c3po",
            "tags": null
          },
          "sensitive_attributes": [],
          "private": "eyJzY2hlbWFfdmVyc2lvbiI6IjEifQ=="
        }
      ]
    },
    {
      "mode": "managed",
      "type": "aws_security_group",
      "name": "default",
      "provider": "provider[\"registry.terraform.io/hashicorp/aws\"]",
      "instances": [
        {
          "schema_version": 1,
          "attributes": {
            "arn": "arn:aws:ec2:sa-east-1:358552305715:security-group/sg-09bc4c7efe9a7f900",
            "description": "Managed by Terraform",
            "egress": [
              {
                "cidr_blocks": [
                  "0.0.0.0/0"
                ],
                "description": "",
                "from_port": 0,
                "ipv6_cidr_blocks": [],
                "prefix_list_ids": [],
                "protocol": "tcp",
                "security_groups": [],
                "self": false,
                "to_port": 65535
              }
            ],
            "id": "sg-09bc4c7efe9a7f900",
            "ingress": [
              {
                "cidr_blocks": [
                  "0.0.0.0/0"
                ],
                "description": "",
                "from_port": -1,
                "ipv6_cidr_blocks": [],
                "prefix_list_ids": [],
                "protocol": "icmp",
                "security_groups": [],
                "self": false,
                "to_port": -1
              },
              {
                "cidr_blocks": [
                  "0.0.0.0/0"
                ],
                "description": "",
                "from_port": 0,
                "ipv6_cidr_blocks": [],
                "prefix_list_ids": [],
                "protocol": "tcp",
                "security_groups": [],
                "self": false,
                "to_port": 65535
              }
            ],
            "name": "sg_docker",
            "name_prefix": "",
            "owner_id": "358552305715",
            "revoke_rules_on_delete": false,
            "tags": null,
            "timeouts": null,
            "vpc_id": "vpc-3a0e605e"
          },
          "sensitive_attributes": [],
          "private": "eyJlMmJmYjczMC1lY2FhLTExZTYtOGY4OC0zNDM2M2JjN2M0YzAiOnsiY3JlYXRlIjo2MDAwMDAwMDAwMDAsImRlbGV0ZSI6NjAwMDAwMDAwMDAwfSwic2NoZW1hX3ZlcnNpb24iOiIxIn0="
        }
      ]
    },
    {
      "mode": "managed",
      "type": "local_file",
      "name": "AnsibleInventory",
      "provider": "provider[\"registry.terraform.io/hashicorp/local\"]",
      "instances": [
        {
          "schema_version": 0,
          "attributes": {
            "content": "[docker]\nec2-18-230-108-204.sa-east-1.compute.amazonaws.com ansible_host=18.230.108.204 # i-0e9930796b7e3ae95\n",
            "content_base64": null,
            "directory_permission": "0777",
            "file_permission": "0777",
            "filename": "inventory",
            "id": "57fe0932843a8c637c12dca738e5443d4f810624",
            "sensitive_content": null,
            "source": null
          },
          "sensitive_attributes": [],
          "private": "bnVsbA==",
          "dependencies": [
            "aws_instance.docker",
            "aws_key_pair.default",
            "aws_security_group.default"
          ]
        }
      ]
    }
  ]
}
